
Microsoft Visual Studio Solution File, Format Version 12.00
# Visual Studio Version 17
VisualStudioVersion = 17.11.35312.102
MinimumVisualStudioVersion = 10.0.40219.1
Project("{2150E333-8FDC-42A3-9474-1A3956D46DE8}") = "src", "src", "{43EE0F8D-BD1E-4DED-98E7-1ACB0C07F1C2}"
EndProject
Project("{9A19103F-16F7-4668-BE54-9A1E7A4F7556}") = "Domain", "Domain\Domain.csproj", "{5FC4EFF2-3693-4709-A38A-24556500EA02}"
EndProject
Project("{9A19103F-16F7-4668-BE54-9A1E7A4F7556}") = "Application", "Application\Application.csproj", "{906114DB-2F7E-4DCD-BCCA-3D7FF67263C1}"
EndProject
Project("{9A19103F-16F7-4668-BE54-9A1E7A4F7556}") = "Infrastructure", "Infrastructure\Infrastructure.csproj", "{9033680D-41B7-4969-82A0-822C14922691}"
EndProject
Project("{9A19103F-16F7-4668-BE54-9A1E7A4F7556}") = "WebAPI", "WebAPI\WebAPI.csproj", "{E1672985-58DC-47E4-899B-35507D6C4ADF}"
EndProject
Project("{54A90642-561A-4BB1-A94E-469ADEE60C69}") = "AdminPanel", "AdminPanel\AdminPanel.esproj", "{E7121A92-C7E7-4B69-ADC4-AE5D4E10EB21}"
EndProject
Project("{54A90642-561A-4BB1-A94E-469ADEE60C69}") = "Frontend", "Frontend\Frontend.esproj", "{C5B2D0C4-8FB9-412B-8B7D-7B2A4EEDA729}"
EndProject
Global
	GlobalSection(SolutionConfigurationPlatforms) = preSolution
		Debug|Any CPU = Debug|Any CPU
		Release|Any CPU = Release|Any CPU
	EndGlobalSection
	GlobalSection(ProjectConfigurationPlatforms) = postSolution
		{5FC4EFF2-3693-4709-A38A-24556500EA02}.Debug|Any CPU.ActiveCfg = Debug|Any CPU
		{5FC4EFF2-3693-4709-A38A-24556500EA02}.Debug|Any CPU.Build.0 = Debug|Any CPU
		{5FC4EFF2-3693-4709-A38A-24556500EA02}.Release|Any CPU.ActiveCfg = Release|Any CPU
		{5FC4EFF2-3693-4709-A38A-24556500EA02}.Release|Any CPU.Build.0 = Release|Any CPU
		{906114DB-2F7E-4DCD-BCCA-3D7FF67263C1}.Debug|Any CPU.ActiveCfg = Debug|Any CPU
		{906114DB-2F7E-4DCD-BCCA-3D7FF67263C1}.Debug|Any CPU.Build.0 = Debug|Any CPU
		{906114DB-2F7E-4DCD-BCCA-3D7FF67263C1}.Release|Any CPU.ActiveCfg = Release|Any CPU
		{906114DB-2F7E-4DCD-BCCA-3D7FF67263C1}.Release|Any CPU.Build.0 = Release|Any CPU
		{9033680D-41B7-4969-82A0-822C14922691}.Debug|Any CPU.ActiveCfg = Debug|Any CPU
		{9033680D-41B7-4969-82A0-822C14922691}.Debug|Any CPU.Build.0 = Debug|Any CPU
		{9033680D-41B7-4969-82A0-822C14922691}.Release|Any CPU.ActiveCfg = Release|Any CPU
		{9033680D-41B7-4969-82A0-822C14922691}.Release|Any CPU.Build.0 = Release|Any CPU
		{E1672985-58DC-47E4-899B-35507D6C4ADF}.Debug|Any CPU.ActiveCfg = Debug|Any CPU
		{E1672985-58DC-47E4-899B-35507D6C4ADF}.Debug|Any CPU.Build.0 = Debug|Any CPU
		{E1672985-58DC-47E4-899B-35507D6C4ADF}.Release|Any CPU.ActiveCfg = Release|Any CPU
		{E1672985-58DC-47E4-899B-35507D6C4ADF}.Release|Any CPU.Build.0 = Release|Any CPU
		{E7121A92-C7E7-4B69-ADC4-AE5D4E10EB21}.Debug|Any CPU.ActiveCfg = Debug|Any CPU
		{E7121A92-C7E7-4B69-ADC4-AE5D4E10EB21}.Debug|Any CPU.Build.0 = Debug|Any CPU
		{E7121A92-C7E7-4B69-ADC4-AE5D4E10EB21}.Debug|Any CPU.Deploy.0 = Debug|Any CPU
		{E7121A92-C7E7-4B69-ADC4-AE5D4E10EB21}.Release|Any CPU.ActiveCfg = Release|Any CPU
		{E7121A92-C7E7-4B69-ADC4-AE5D4E10EB21}.Release|Any CPU.Build.0 = Release|Any CPU
		{E7121A92-C7E7-4B69-ADC4-AE5D4E10EB21}.Release|Any CPU.Deploy.0 = Release|Any CPU
		{C5B2D0C4-8FB9-412B-8B7D-7B2A4EEDA729}.Debug|Any CPU.ActiveCfg = Debug|Any CPU
		{C5B2D0C4-8FB9-412B-8B7D-7B2A4EEDA729}.Debug|Any CPU.Build.0 = Debug|Any CPU
		{C5B2D0C4-8FB9-412B-8B7D-7B2A4EEDA729}.Debug|Any CPU.Deploy.0 = Debug|Any CPU
		{C5B2D0C4-8FB9-412B-8B7D-7B2A4EEDA729}.Release|Any CPU.ActiveCfg = Release|Any CPU
		{C5B2D0C4-8FB9-412B-8B7D-7B2A4EEDA729}.Release|Any CPU.Build.0 = Release|Any CPU
		{C5B2D0C4-8FB9-412B-8B7D-7B2A4EEDA729}.Release|Any CPU.Deploy.0 = Release|Any CPU
	EndGlobalSection
	GlobalSection(SolutionProperties) = preSolution
		HideSolutionNode = FALSE
	EndGlobalSection
	GlobalSection(NestedProjects) = preSolution
		{5FC4EFF2-3693-4709-A38A-24556500EA02} = {43EE0F8D-BD1E-4DED-98E7-1ACB0C07F1C2}
		{906114DB-2F7E-4DCD-BCCA-3D7FF67263C1} = {43EE0F8D-BD1E-4DED-98E7-1ACB0C07F1C2}
		{9033680D-41B7-4969-82A0-822C14922691} = {43EE0F8D-BD1E-4DED-98E7-1ACB0C07F1C2}
		{E1672985-58DC-47E4-899B-35507D6C4ADF} = {43EE0F8D-BD1E-4DED-98E7-1ACB0C07F1C2}
	EndGlobalSection
	GlobalSection(ExtensibilityGlobals) = postSolution
		SolutionGuid = {AB919BA7-E9D9-4D24-BB98-B42A0E250F13}
	EndGlobalSection
EndGlobal
